
Microsoft Visual Studio Solution File, Format Version 12.00
# Visual Studio 15
VisualStudioVersion = 15.0.26730.12
MinimumVisualStudioVersion = 10.0.40219.1
Project("{FAE04EC0-301F-11D3-BF4B-00C04F79EFBC}") = "Installer", "src\Installer\Installer.csproj", "{07115CDF-AAD6-46FA-B58C-CC04555C5695}"
EndProject
Project("{FAE04EC0-301F-11D3-BF4B-00C04F79EFBC}") = "Loader", "src\Loader\Loader.csproj", "{FBAB7A7F-CE73-471D-97FF-991422C2D0C5}"
EndProject
Global
	GlobalSection(SolutionConfigurationPlatforms) = preSolution
		Debug|Any CPU = Debug|Any CPU
		Release|Any CPU = Release|Any CPU
	EndGlobalSection
	GlobalSection(ProjectConfigurationPlatforms) = postSolution
		{07115CDF-AAD6-46FA-B58C-CC04555C5695}.Debug|Any CPU.ActiveCfg = Debug|Any CPU
		{07115CDF-AAD6-46FA-B58C-CC04555C5695}.Debug|Any CPU.Build.0 = Debug|Any CPU
		{07115CDF-AAD6-46FA-B58C-CC04555C5695}.Release|Any CPU.ActiveCfg = Release|Any CPU
		{07115CDF-AAD6-46FA-B58C-CC04555C5695}.Release|Any CPU.Build.0 = Release|Any CPU
		{FBAB7A7F-CE73-471D-97FF-991422C2D0C5}.Debug|Any CPU.ActiveCfg = Debug|Any CPU
		{FBAB7A7F-CE73-471D-97FF-991422C2D0C5}.Debug|Any CPU.Build.0 = Debug|Any CPU
		{FBAB7A7F-CE73-471D-97FF-991422C2D0C5}.Release|Any CPU.ActiveCfg = Release|Any CPU
		{FBAB7A7F-CE73-471D-97FF-991422C2D0C5}.Release|Any CPU.Build.0 = Release|Any CPU
	EndGlobalSection
	GlobalSection(SolutionProperties) = preSolution
		HideSolutionNode = FALSE
	EndGlobalSection
	GlobalSection(ExtensibilityGlobals) = postSolution
		SolutionGuid = {A54E02F1-62F1-4CED-9C28-F8D5ED18DDD8}
	EndGlobalSection
EndGlobal
